// !$*UTF8*$!
{
	archiveVersion = 1;
	classes = {
	};
	objectVersion = 56;
	objects = {

/* Begin PBXBuildFile section */
		D33B1F462B575C2F00787E3C /* SiphonApp.swift in Sources */ = {isa = PBXBuildFile; fileRef = D33B1F452B575C2F00787E3C /* SiphonApp.swift */; };
		D33B1F482B575C2F00787E3C /* ContentView.swift in Sources */ = {isa = PBXBuildFile; fileRef = D33B1F472B575C2F00787E3C /* ContentView.swift */; };
		D33B1F4D2B575C3000787E3C /* Preview Assets.xcassets in Resources */ = {isa = PBXBuildFile; fileRef = D33B1F4C2B575C3000787E3C /* Preview Assets.xcassets */; };
		D33B1F562B575C3D00787E3C /* VideoOptions.swift in Sources */ = {isa = PBXBuildFile; fileRef = D33B1F552B575C3D00787E3C /* VideoOptions.swift */; };
		D33B1F5B2B575C6F00787E3C /* downloadVideo.swift in Sources */ = {isa = PBXBuildFile; fileRef = D33B1F582B575C6F00787E3C /* downloadVideo.swift */; };
		D33B1F5C2B575C6F00787E3C /* authorizeNotifications.swift in Sources */ = {isa = PBXBuildFile; fileRef = D33B1F592B575C6F00787E3C /* authorizeNotifications.swift */; };
		D33B1F5D2B575C6F00787E3C /* triggerNotification.swift in Sources */ = {isa = PBXBuildFile; fileRef = D33B1F5A2B575C6F00787E3C /* triggerNotification.swift */; };
		D33B1F642B575CD100787E3C /* Assets.xcassets in Resources */ = {isa = PBXBuildFile; fileRef = D33B1F632B575CD100787E3C /* Assets.xcassets */; };
		D3F6C71F2B5C3AD000D9B6E0 /* downloadScript.sh in Resources */ = {isa = PBXBuildFile; fileRef = D3F6C71E2B5C39BB00D9B6E0 /* downloadScript.sh */; };
/* End PBXBuildFile section */

/* Begin PBXFileReference section */
		D33B1F422B575C2F00787E3C /* Siphon.app */ = {isa = PBXFileReference; explicitFileType = wrapper.application; includeInIndex = 0; path = Siphon.app; sourceTree = BUILT_PRODUCTS_DIR; };
		D33B1F452B575C2F00787E3C /* SiphonApp.swift */ = {isa = PBXFileReference; lastKnownFileType = sourcecode.swift; path = SiphonApp.swift; sourceTree = "<group>"; };
		D33B1F472B575C2F00787E3C /* ContentView.swift */ = {isa = PBXFileReference; lastKnownFileType = sourcecode.swift; path = ContentView.swift; sourceTree = "<group>"; };
		D33B1F4C2B575C3000787E3C /* Preview Assets.xcassets */ = {isa = PBXFileReference; lastKnownFileType = folder.assetcatalog; path = "Preview Assets.xcassets"; sourceTree = "<group>"; };
		D33B1F4E2B575C3000787E3C /* Siphon.entitlements */ = {isa = PBXFileReference; lastKnownFileType = text.plist.entitlements; path = Siphon.entitlements; sourceTree = "<group>"; };
		D33B1F552B575C3D00787E3C /* VideoOptions.swift */ = {isa = PBXFileReference; fileEncoding = 4; lastKnownFileType = sourcecode.swift; path = VideoOptions.swift; sourceTree = "<group>"; };
		D33B1F582B575C6F00787E3C /* downloadVideo.swift */ = {isa = PBXFileReference; fileEncoding = 4; lastKnownFileType = sourcecode.swift; path = downloadVideo.swift; sourceTree = "<group>"; };
		D33B1F592B575C6F00787E3C /* authorizeNotifications.swift */ = {isa = PBXFileReference; fileEncoding = 4; lastKnownFileType = sourcecode.swift; path = authorizeNotifications.swift; sourceTree = "<group>"; };
		D33B1F5A2B575C6F00787E3C /* triggerNotification.swift */ = {isa = PBXFileReference; fileEncoding = 4; lastKnownFileType = sourcecode.swift; path = triggerNotification.swift; sourceTree = "<group>"; };
		D33B1F632B575CD100787E3C /* Assets.xcassets */ = {isa = PBXFileReference; lastKnownFileType = folder.assetcatalog; path = Assets.xcassets; sourceTree = "<group>"; };
		D3F6C71E2B5C39BB00D9B6E0 /* downloadScript.sh */ = {isa = PBXFileReference; lastKnownFileType = text.script.sh; path = downloadScript.sh; sourceTree = "<group>"; };
/* End PBXFileReference section */

/* Begin PBXFrameworksBuildPhase section */
		D33B1F3F2B575C2F00787E3C /* Frameworks */ = {
			isa = PBXFrameworksBuildPhase;
			buildActionMask = 2147483647;
			files = (
			);
			runOnlyForDeploymentPostprocessing = 0;
		};
/* End PBXFrameworksBuildPhase section */

/* Begin PBXGroup section */
		D33B1F392B575C2F00787E3C = {
			isa = PBXGroup;
			children = (
				D33B1F442B575C2F00787E3C /* Siphon */,
				D33B1F432B575C2F00787E3C /* Products */,
			);
			sourceTree = "<group>";
		};
		D33B1F432B575C2F00787E3C /* Products */ = {
			isa = PBXGroup;
			children = (
				D33B1F422B575C2F00787E3C /* Siphon.app */,
			);
			name = Products;
			sourceTree = "<group>";
		};
		D33B1F442B575C2F00787E3C /* Siphon */ = {
			isa = PBXGroup;
			children = (
				D33B1F632B575CD100787E3C /* Assets.xcassets */,
				D33B1F572B575C6F00787E3C /* Logic */,
				D33B1F542B575C3D00787E3C /* Models */,
				D33B1F452B575C2F00787E3C /* SiphonApp.swift */,
				D33B1F472B575C2F00787E3C /* ContentView.swift */,
				D33B1F4E2B575C3000787E3C /* Siphon.entitlements */,
				D33B1F4B2B575C3000787E3C /* Preview Content */,
			);
			path = Siphon;
			sourceTree = "<group>";
		};
		D33B1F4B2B575C3000787E3C /* Preview Content */ = {
			isa = PBXGroup;
			children = (
				D33B1F4C2B575C3000787E3C /* Preview Assets.xcassets */,
			);
			path = "Preview Content";
			sourceTree = "<group>";
		};
		D33B1F542B575C3D00787E3C /* Models */ = {
			isa = PBXGroup;
			children = (
				D33B1F552B575C3D00787E3C /* VideoOptions.swift */,
			);
			path = Models;
			sourceTree = "<group>";
		};
		D33B1F572B575C6F00787E3C /* Logic */ = {
			isa = PBXGroup;
			children = (
				D33B1F582B575C6F00787E3C /* downloadVideo.swift */,
				D3F6C71E2B5C39BB00D9B6E0 /* downloadScript.sh */,
				D33B1F592B575C6F00787E3C /* authorizeNotifications.swift */,
				D33B1F5A2B575C6F00787E3C /* triggerNotification.swift */,
			);
			path = Logic;
			sourceTree = "<group>";
		};
/* End PBXGroup section */

/* Begin PBXNativeTarget section */
		D33B1F412B575C2F00787E3C /* Siphon */ = {
			isa = PBXNativeTarget;
			buildConfigurationList = D33B1F512B575C3000787E3C /* Build configuration list for PBXNativeTarget "Siphon" */;
			buildPhases = (
				D33B1F3E2B575C2F00787E3C /* Sources */,
				D33B1F3F2B575C2F00787E3C /* Frameworks */,
				D33B1F402B575C2F00787E3C /* Resources */,
			);
			buildRules = (
			);
			dependencies = (
			);
			name = Siphon;
			packageProductDependencies = (
			);
			productName = Siphon;
			productReference = D33B1F422B575C2F00787E3C /* Siphon.app */;
			productType = "com.apple.product-type.application";
		};
/* End PBXNativeTarget section */

/* Begin PBXProject section */
		D33B1F3A2B575C2F00787E3C /* Project object */ = {
			isa = PBXProject;
			attributes = {
				BuildIndependentTargetsInParallel = 1;
				LastSwiftUpdateCheck = 1520;
				LastUpgradeCheck = 1520;
				TargetAttributes = {
					D33B1F412B575C2F00787E3C = {
						CreatedOnToolsVersion = 15.2;
					};
				};
			};
			buildConfigurationList = D33B1F3D2B575C2F00787E3C /* Build configuration list for PBXProject "Siphon" */;
			compatibilityVersion = "Xcode 14.0";
			developmentRegion = en;
			hasScannedForEncodings = 0;
			knownRegions = (
				en,
				Base,
			);
			mainGroup = D33B1F392B575C2F00787E3C;
			packageReferences = (
			);
			productRefGroup = D33B1F432B575C2F00787E3C /* Products */;
			projectDirPath = "";
			projectRoot = "";
			targets = (
				D33B1F412B575C2F00787E3C /* Siphon */,
			);
		};
/* End PBXProject section */

/* Begin PBXResourcesBuildPhase section */
		D33B1F402B575C2F00787E3C /* Resources */ = {
			isa = PBXResourcesBuildPhase;
			buildActionMask = 2147483647;
			files = (
				D33B1F642B575CD100787E3C /* Assets.xcassets in Resources */,
				D33B1F4D2B575C3000787E3C /* Preview Assets.xcassets in Resources */,
				D3F6C71F2B5C3AD000D9B6E0 /* downloadScript.sh in Resources */,
			);
			runOnlyForDeploymentPostprocessing = 0;
		};
/* End PBXResourcesBuildPhase section */

/* Begin PBXSourcesBuildPhase section */
		D33B1F3E2B575C2F00787E3C /* Sources */ = {
			isa = PBXSourcesBuildPhase;
			buildActionMask = 2147483647;
			files = (
				D33B1F5C2B575C6F00787E3C /* authorizeNotifications.swift in Sources */,
				D33B1F482B575C2F00787E3C /* ContentView.swift in Sources */,
				D33B1F5B2B575C6F00787E3C /* downloadVideo.swift in Sources */,
				D33B1F5D2B575C6F00787E3C /* triggerNotification.swift in Sources */,
				D33B1F562B575C3D00787E3C /* VideoOptions.swift in Sources */,
				D33B1F462B575C2F00787E3C /* SiphonApp.swift in Sources */,
			);
			runOnlyForDeploymentPostprocessing = 0;
		};
/* End PBXSourcesBuildPhase section */

/* Begin XCBuildConfiguration section */
		D33B1F4F2B575C3000787E3C /* Debug */ = {
			isa = XCBuildConfiguration;
			buildSettings = {
				ALWAYS_SEARCH_USER_PATHS = NO;
				ASSETCATALOG_COMPILER_GENERATE_SWIFT_ASSET_SYMBOL_EXTENSIONS = YES;
				CLANG_ANALYZER_NONNULL = YES;
				CLANG_ANALYZER_NUMBER_OBJECT_CONVERSION = YES_AGGRESSIVE;
				CLANG_CXX_LANGUAGE_STANDARD = "gnu++20";
				CLANG_ENABLE_MODULES = YES;
				CLANG_ENABLE_OBJC_ARC = YES;
				CLANG_ENABLE_OBJC_WEAK = YES;
				CLANG_WARN_BLOCK_CAPTURE_AUTORELEASING = YES;
				CLANG_WARN_BOOL_CONVERSION = YES;
				CLANG_WARN_COMMA = YES;
				CLANG_WARN_CONSTANT_CONVERSION = YES;
				CLANG_WARN_DEPRECATED_OBJC_IMPLEMENTATIONS = YES;
				CLANG_WARN_DIRECT_OBJC_ISA_USAGE = YES_ERROR;
				CLANG_WARN_DOCUMENTATION_COMMENTS = YES;
				CLANG_WARN_EMPTY_BODY = YES;
				CLANG_WARN_ENUM_CONVERSION = YES;
				CLANG_WARN_INFINITE_RECURSION = YES;
				CLANG_WARN_INT_CONVERSION = YES;
				CLANG_WARN_NON_LITERAL_NULL_CONVERSION = YES;
				CLANG_WARN_OBJC_IMPLICIT_RETAIN_SELF = YES;
				CLANG_WARN_OBJC_LITERAL_CONVERSION = YES;
				CLANG_WARN_OBJC_ROOT_CLASS = YES_ERROR;
				CLANG_WARN_QUOTED_INCLUDE_IN_FRAMEWORK_HEADER = YES;
				CLANG_WARN_RANGE_LOOP_ANALYSIS = YES;
				CLANG_WARN_STRICT_PROTOTYPES = YES;
				CLANG_WARN_SUSPICIOUS_MOVE = YES;
				CLANG_WARN_UNGUARDED_AVAILABILITY = YES_AGGRESSIVE;
				CLANG_WARN_UNREACHABLE_CODE = YES;
				CLANG_WARN__DUPLICATE_METHOD_MATCH = YES;
				COPY_PHASE_STRIP = NO;
				DEBUG_INFORMATION_FORMAT = dwarf;
				ENABLE_STRICT_OBJC_MSGSEND = YES;
				ENABLE_TESTABILITY = YES;
				ENABLE_USER_SCRIPT_SANDBOXING = YES;
				GCC_C_LANGUAGE_STANDARD = gnu17;
				GCC_DYNAMIC_NO_PIC = NO;
				GCC_NO_COMMON_BLOCKS = YES;
				GCC_OPTIMIZATION_LEVEL = 0;
				GCC_PREPROCESSOR_DEFINITIONS = (
					"DEBUG=1",
					"$(inherited)",
				);
				GCC_WARN_64_TO_32_BIT_CONVERSION = YES;
				GCC_WARN_ABOUT_RETURN_TYPE = YES_ERROR;
				GCC_WARN_UNDECLARED_SELECTOR = YES;
				GCC_WARN_UNINITIALIZED_AUTOS = YES_AGGRESSIVE;
				GCC_WARN_UNUSED_FUNCTION = YES;
				GCC_WARN_UNUSED_VARIABLE = YES;
				LOCALIZATION_PREFERS_STRING_CATALOGS = YES;
				MACOSX_DEPLOYMENT_TARGET = 14.2;
				MTL_ENABLE_DEBUG_INFO = INCLUDE_SOURCE;
				MTL_FAST_MATH = YES;
				ONLY_ACTIVE_ARCH = YES;
				SDKROOT = macosx;
				SWIFT_ACTIVE_COMPILATION_CONDITIONS = "DEBUG $(inherited)";
				SWIFT_OPTIMIZATION_LEVEL = "-Onone";
			};
			name = Debug;
		};
		D33B1F502B575C3000787E3C /* Release */ = {
			isa = XCBuildConfiguration;
			buildSettings = {
				ALWAYS_SEARCH_USER_PATHS = NO;
				ASSETCATALOG_COMPILER_GENERATE_SWIFT_ASSET_SYMBOL_EXTENSIONS = YES;
				CLANG_ANALYZER_NONNULL = YES;
				CLANG_ANALYZER_NUMBER_OBJECT_CONVERSION = YES_AGGRESSIVE;
				CLANG_CXX_LANGUAGE_STANDARD = "gnu++20";
				CLANG_ENABLE_MODULES = YES;
				CLANG_ENABLE_OBJC_ARC = YES;
				CLANG_ENABLE_OBJC_WEAK = YES;
				CLANG_WARN_BLOCK_CAPTURE_AUTORELEASING = YES;
				CLANG_WARN_BOOL_CONVERSION = YES;
				CLANG_WARN_COMMA = YES;
				CLANG_WARN_CONSTANT_CONVERSION = YES;
				CLANG_WARN_DEPRECATED_OBJC_IMPLEMENTATIONS = YES;
				CLANG_WARN_DIRECT_OBJC_ISA_USAGE = YES_ERROR;
				CLANG_WARN_DOCUMENTATION_COMMENTS = YES;
				CLANG_WARN_EMPTY_BODY = YES;
				CLANG_WARN_ENUM_CONVERSION = YES;
				CLANG_WARN_INFINITE_RECURSION = YES;
				CLANG_WARN_INT_CONVERSION = YES;
				CLANG_WARN_NON_LITERAL_NULL_CONVERSION = YES;
				CLANG_WARN_OBJC_IMPLICIT_RETAIN_SELF = YES;
				CLANG_WARN_OBJC_LITERAL_CONVERSION = YES;
				CLANG_WARN_OBJC_ROOT_CLASS = YES_ERROR;
				CLANG_WARN_QUOTED_INCLUDE_IN_FRAMEWORK_HEADER = YES;
				CLANG_WARN_RANGE_LOOP_ANALYSIS = YES;
				CLANG_WARN_STRICT_PROTOTYPES = YES;
				CLANG_WARN_SUSPICIOUS_MOVE = YES;
				CLANG_WARN_UNGUARDED_AVAILABILITY = YES_AGGRESSIVE;
				CLANG_WARN_UNREACHABLE_CODE = YES;
				CLANG_WARN__DUPLICATE_METHOD_MATCH = YES;
				COPY_PHASE_STRIP = NO;
				DEBUG_INFORMATION_FORMAT = "dwarf-with-dsym";
				ENABLE_NS_ASSERTIONS = NO;
				ENABLE_STRICT_OBJC_MSGSEND = YES;
				ENABLE_USER_SCRIPT_SANDBOXING = YES;
				GCC_C_LANGUAGE_STANDARD = gnu17;
				GCC_NO_COMMON_BLOCKS = YES;
				GCC_WARN_64_TO_32_BIT_CONVERSION = YES;
				GCC_WARN_ABOUT_RETURN_TYPE = YES_ERROR;
				GCC_WARN_UNDECLARED_SELECTOR = YES;
				GCC_WARN_UNINITIALIZED_AUTOS = YES_AGGRESSIVE;
				GCC_WARN_UNUSED_FUNCTION = YES;
				GCC_WARN_UNUSED_VARIABLE = YES;
				LOCALIZATION_PREFERS_STRING_CATALOGS = YES;
				MACOSX_DEPLOYMENT_TARGET = 14.2;
				MTL_ENABLE_DEBUG_INFO = NO;
				MTL_FAST_MATH = YES;
				SDKROOT = macosx;
				SWIFT_COMPILATION_MODE = wholemodule;
			};
			name = Release;
		};
		D33B1F522B575C3000787E3C /* Debug */ = {
			isa = XCBuildConfiguration;
			buildSettings = {
				ASSETCATALOG_COMPILER_APPICON_NAME = AppIcon;
				ASSETCATALOG_COMPILER_GLOBAL_ACCENT_COLOR_NAME = AccentColor;
				CODE_SIGN_ENTITLEMENTS = Siphon/Siphon.entitlements;
				CODE_SIGN_STYLE = Automatic;
				COMBINE_HIDPI_IMAGES = YES;
				CURRENT_PROJECT_VERSION = 1;
				DEVELOPMENT_ASSET_PATHS = "\"Siphon/Preview Content\"";
				DEVELOPMENT_TEAM = B3DFV278UN;
				ENABLE_HARDENED_RUNTIME = YES;
				ENABLE_PREVIEWS = YES;
				GENERATE_INFOPLIST_FILE = YES;
				INFOPLIST_KEY_NSHumanReadableCopyright = "";
				LD_RUNPATH_SEARCH_PATHS = (
					"$(inherited)",
					"@executable_path/../Frameworks",
				);
				MARKETING_VERSION = 1.0;
				PRODUCT_BUNDLE_IDENTIFIER = com.ghalldev.Siphon;
				PRODUCT_NAME = "$(TARGET_NAME)";
				SWIFT_EMIT_LOC_STRINGS = YES;
				SWIFT_VERSION = 5.0;
			};
			name = Debug;
		};
		D33B1F532B575C3000787E3C /* Release */ = {
			isa = XCBuildConfiguration;
			buildSettings = {
				ASSETCATALOG_COMPILER_APPICON_NAME = AppIcon;
				ASSETCATALOG_COMPILER_GLOBAL_ACCENT_COLOR_NAME = AccentColor;
				CODE_SIGN_ENTITLEMENTS = Siphon/Siphon.entitlements;
				CODE_SIGN_STYLE = Automatic;
				COMBINE_HIDPI_IMAGES = YES;
				CURRENT_PROJECT_VERSION = 1;
				DEVELOPMENT_ASSET_PATHS = "\"Siphon/Preview Content\"";
				DEVELOPMENT_TEAM = B3DFV278UN;
				ENABLE_HARDENED_RUNTIME = YES;
				ENABLE_PREVIEWS = YES;
				GENERATE_INFOPLIST_FILE = YES;
				INFOPLIST_KEY_NSHumanReadableCopyright = "";
				LD_RUNPATH_SEARCH_PATHS = (
					"$(inherited)",
					"@executable_path/../Frameworks",
				);
				MARKETING_VERSION = 1.0;
				PRODUCT_BUNDLE_IDENTIFIER = com.ghalldev.Siphon;
				PRODUCT_NAME = "$(TARGET_NAME)";
				SWIFT_EMIT_LOC_STRINGS = YES;
				SWIFT_VERSION = 5.0;
			};
			name = Release;
		};
/* End XCBuildConfiguration section */

/* Begin XCConfigurationList section */
		D33B1F3D2B575C2F00787E3C /* Build configuration list for PBXProject "Siphon" */ = {
			isa = XCConfigurationList;
			buildConfigurations = (
				D33B1F4F2B575C3000787E3C /* Debug */,
				D33B1F502B575C3000787E3C /* Release */,
			);
			defaultConfigurationIsVisible = 0;
			defaultConfigurationName = Release;
		};
		D33B1F512B575C3000787E3C /* Build configuration list for PBXNativeTarget "Siphon" */ = {
			isa = XCConfigurationList;
			buildConfigurations = (
				D33B1F522B575C3000787E3C /* Debug */,
				D33B1F532B575C3000787E3C /* Release */,
			);
			defaultConfigurationIsVisible = 0;
			defaultConfigurationName = Release;
		};
/* End XCConfigurationList section */
	};
	rootObject = D33B1F3A2B575C2F00787E3C /* Project object */;
}
